
Microsoft Visual Studio Solution File, Format Version 12.00
# Visual Studio 15
VisualStudioVersion = 15.0.27130.2020
MinimumVisualStudioVersion = 10.0.40219.1
Project("{2150E333-8FDC-42A3-9474-1A3956D46DE8}") = "Engine", "Engine", "{8601063F-C222-4B14-9D7F-2EB48513C9A2}"
EndProject
Project("{2150E333-8FDC-42A3-9474-1A3956D46DE8}") = "Games", "Games", "{E9923856-808C-4EAE-9372-24E1DB86E35C}"
EndProject
Project("{8BC9CEB8-8B4A-11D0-8D11-00A0C91BC942}") = "UE4", "Intermediate\ProjectFiles\UE4.vcxproj", "{650A2BEF-7C32-463F-8AE8-49236C56B651}"
EndProject
Project("{8BC9CEB8-8B4A-11D0-8D11-00A0C91BC942}") = "BuildingEscape", "Intermediate\ProjectFiles\BuildingEscape.vcxproj", "{62300912-A8CF-4DC0-8909-6FD241ABCD50}"
EndProject
Global
	GlobalSection(SolutionConfigurationPlatforms) = preSolution
		DebugGame Editor|HTML5 = DebugGame Editor|HTML5
		DebugGame Editor|Win32 = DebugGame Editor|Win32
		DebugGame Editor|Win64 = DebugGame Editor|Win64
		DebugGame|HTML5 = DebugGame|HTML5
		DebugGame|Win32 = DebugGame|Win32
		DebugGame|Win64 = DebugGame|Win64
		Development Editor|HTML5 = Development Editor|HTML5
		Development Editor|Win32 = Development Editor|Win32
		Development Editor|Win64 = Development Editor|Win64
		Development|HTML5 = Development|HTML5
		Development|Win32 = Development|Win32
		Development|Win64 = Development|Win64
		Shipping|HTML5 = Shipping|HTML5
		Shipping|Win32 = Shipping|Win32
		Shipping|Win64 = Shipping|Win64
	EndGlobalSection
	GlobalSection(ProjectConfigurationPlatforms) = postSolution
		{650A2BEF-7C32-463F-8AE8-49236C56B651}.DebugGame Editor|HTML5.ActiveCfg = BuiltWithUnrealBuildTool|Win32
		{650A2BEF-7C32-463F-8AE8-49236C56B651}.DebugGame Editor|HTML5.Build.0 = BuiltWithUnrealBuildTool|Win32
		{650A2BEF-7C32-463F-8AE8-49236C56B651}.DebugGame Editor|Win32.ActiveCfg = BuiltWithUnrealBuildTool|Win32
		{650A2BEF-7C32-463F-8AE8-49236C56B651}.DebugGame Editor|Win32.Build.0 = BuiltWithUnrealBuildTool|Win32
		{650A2BEF-7C32-463F-8AE8-49236C56B651}.DebugGame Editor|Win64.ActiveCfg = BuiltWithUnrealBuildTool|Win32
		{650A2BEF-7C32-463F-8AE8-49236C56B651}.DebugGame Editor|Win64.Build.0 = BuiltWithUnrealBuildTool|Win32
		{650A2BEF-7C32-463F-8AE8-49236C56B651}.DebugGame|HTML5.ActiveCfg = BuiltWithUnrealBuildTool|Win32
		{650A2BEF-7C32-463F-8AE8-49236C56B651}.DebugGame|HTML5.Build.0 = BuiltWithUnrealBuildTool|Win32
		{650A2BEF-7C32-463F-8AE8-49236C56B651}.DebugGame|Win32.ActiveCfg = BuiltWithUnrealBuildTool|Win32
		{650A2BEF-7C32-463F-8AE8-49236C56B651}.DebugGame|Win32.Build.0 = BuiltWithUnrealBuildTool|Win32
		{650A2BEF-7C32-463F-8AE8-49236C56B651}.DebugGame|Win64.ActiveCfg = BuiltWithUnrealBuildTool|Win32
		{650A2BEF-7C32-463F-8AE8-49236C56B651}.DebugGame|Win64.Build.0 = BuiltWithUnrealBuildTool|Win32
		{650A2BEF-7C32-463F-8AE8-49236C56B651}.Development Editor|HTML5.ActiveCfg = BuiltWithUnrealBuildTool|Win32
		{650A2BEF-7C32-463F-8AE8-49236C56B651}.Development Editor|HTML5.Build.0 = BuiltWithUnrealBuildTool|Win32
		{650A2BEF-7C32-463F-8AE8-49236C56B651}.Development Editor|Win32.ActiveCfg = BuiltWithUnrealBuildTool|Win32
		{650A2BEF-7C32-463F-8AE8-49236C56B651}.Development Editor|Win32.Build.0 = BuiltWithUnrealBuildTool|Win32
		{650A2BEF-7C32-463F-8AE8-49236C56B651}.Development Editor|Win64.ActiveCfg = BuiltWithUnrealBuildTool|Win32
		{650A2BEF-7C32-463F-8AE8-49236C56B651}.Development Editor|Win64.Build.0 = BuiltWithUnrealBuildTool|Win32
		{650A2BEF-7C32-463F-8AE8-49236C56B651}.Development|HTML5.ActiveCfg = BuiltWithUnrealBuildTool|Win32
		{650A2BEF-7C32-463F-8AE8-49236C56B651}.Development|HTML5.Build.0 = BuiltWithUnrealBuildTool|Win32
		{650A2BEF-7C32-463F-8AE8-49236C56B651}.Development|Win32.ActiveCfg = BuiltWithUnrealBuildTool|Win32
		{650A2BEF-7C32-463F-8AE8-49236C56B651}.Development|Win32.Build.0 = BuiltWithUnrealBuildTool|Win32
		{650A2BEF-7C32-463F-8AE8-49236C56B651}.Development|Win64.ActiveCfg = BuiltWithUnrealBuildTool|Win32
		{650A2BEF-7C32-463F-8AE8-49236C56B651}.Development|Win64.Build.0 = BuiltWithUnrealBuildTool|Win32
		{650A2BEF-7C32-463F-8AE8-49236C56B651}.Shipping|HTML5.ActiveCfg = BuiltWithUnrealBuildTool|Win32
		{650A2BEF-7C32-463F-8AE8-49236C56B651}.Shipping|HTML5.Build.0 = BuiltWithUnrealBuildTool|Win32
		{650A2BEF-7C32-463F-8AE8-49236C56B651}.Shipping|Win32.ActiveCfg = BuiltWithUnrealBuildTool|Win32
		{650A2BEF-7C32-463F-8AE8-49236C56B651}.Shipping|Win32.Build.0 = BuiltWithUnrealBuildTool|Win32
		{650A2BEF-7C32-463F-8AE8-49236C56B651}.Shipping|Win64.ActiveCfg = BuiltWithUnrealBuildTool|Win32
		{650A2BEF-7C32-463F-8AE8-49236C56B651}.Shipping|Win64.Build.0 = BuiltWithUnrealBuildTool|Win32
		{62300912-A8CF-4DC0-8909-6FD241ABCD50}.DebugGame Editor|HTML5.ActiveCfg = HTML5_DebugGame_Editor|Win32
		{62300912-A8CF-4DC0-8909-6FD241ABCD50}.DebugGame Editor|Win32.ActiveCfg = DebugGame_Editor|Win32
		{62300912-A8CF-4DC0-8909-6FD241ABCD50}.DebugGame Editor|Win64.ActiveCfg = DebugGame_Editor|x64
		{62300912-A8CF-4DC0-8909-6FD241ABCD50}.DebugGame Editor|Win64.Build.0 = DebugGame_Editor|x64
		{62300912-A8CF-4DC0-8909-6FD241ABCD50}.DebugGame|HTML5.ActiveCfg = HTML5_DebugGame_Game|Win32
		{62300912-A8CF-4DC0-8909-6FD241ABCD50}.DebugGame|HTML5.Build.0 = HTML5_DebugGame_Game|Win32
		{62300912-A8CF-4DC0-8909-6FD241ABCD50}.DebugGame|Win32.ActiveCfg = DebugGame_Game|Win32
		{62300912-A8CF-4DC0-8909-6FD241ABCD50}.DebugGame|Win32.Build.0 = DebugGame_Game|Win32
		{62300912-A8CF-4DC0-8909-6FD241ABCD50}.DebugGame|Win64.ActiveCfg = DebugGame_Game|x64
		{62300912-A8CF-4DC0-8909-6FD241ABCD50}.DebugGame|Win64.Build.0 = DebugGame_Game|x64
		{62300912-A8CF-4DC0-8909-6FD241ABCD50}.Development Editor|HTML5.ActiveCfg = HTML5_Development_Editor|Win32
		{62300912-A8CF-4DC0-8909-6FD241ABCD50}.Development Editor|Win32.ActiveCfg = Development_Editor|Win32
		{62300912-A8CF-4DC0-8909-6FD241ABCD50}.Development Editor|Win64.ActiveCfg = Development_Editor|x64
		{62300912-A8CF-4DC0-8909-6FD241ABCD50}.Development Editor|Win64.Build.0 = Development_Editor|x64
		{62300912-A8CF-4DC0-8909-6FD241ABCD50}.Development|HTML5.ActiveCfg = HTML5_Development_Game|Win32
		{62300912-A8CF-4DC0-8909-6FD241ABCD50}.Development|HTML5.Build.0 = HTML5_Development_Game|Win32
		{62300912-A8CF-4DC0-8909-6FD241ABCD50}.Development|Win32.ActiveCfg = Development_Game|Win32
		{62300912-A8CF-4DC0-8909-6FD241ABCD50}.Development|Win32.Build.0 = Development_Game|Win32
		{62300912-A8CF-4DC0-8909-6FD241ABCD50}.Development|Win64.ActiveCfg = Development_Game|x64
		{62300912-A8CF-4DC0-8909-6FD241ABCD50}.Development|Win64.Build.0 = Development_Game|x64
		{62300912-A8CF-4DC0-8909-6FD241ABCD50}.Shipping|HTML5.ActiveCfg = HTML5_Shipping_Game|Win32
		{62300912-A8CF-4DC0-8909-6FD241ABCD50}.Shipping|HTML5.Build.0 = HTML5_Shipping_Game|Win32
		{62300912-A8CF-4DC0-8909-6FD241ABCD50}.Shipping|Win32.ActiveCfg = Shipping_Game|Win32
		{62300912-A8CF-4DC0-8909-6FD241ABCD50}.Shipping|Win32.Build.0 = Shipping_Game|Win32
		{62300912-A8CF-4DC0-8909-6FD241ABCD50}.Shipping|Win64.ActiveCfg = Shipping_Game|x64
		{62300912-A8CF-4DC0-8909-6FD241ABCD50}.Shipping|Win64.Build.0 = Shipping_Game|x64
	EndGlobalSection
	GlobalSection(SolutionProperties) = preSolution
		HideSolutionNode = FALSE
	EndGlobalSection
	GlobalSection(NestedProjects) = preSolution
		{650A2BEF-7C32-463F-8AE8-49236C56B651} = {8601063F-C222-4B14-9D7F-2EB48513C9A2}
		{62300912-A8CF-4DC0-8909-6FD241ABCD50} = {E9923856-808C-4EAE-9372-24E1DB86E35C}
	EndGlobalSection
	GlobalSection(ExtensibilityGlobals) = postSolution
		SolutionGuid = {095FEAD6-6FCA-4071-9A97-8EC42A1FE4FE}
	EndGlobalSection
EndGlobal
